
Microsoft Visual Studio Solution File, Format Version 12.00
# Visual Studio 15
VisualStudioVersion = 15.0.27703.2000
MinimumVisualStudioVersion = 10.0.40219.1
Project("{FAE04EC0-301F-11D3-BF4B-00C04F79EFBC}") = "GpxMarker4Dem", "GpxMarker4Dem.csproj", "{7ADB7D39-916D-4C86-8E60-B883E4460311}"
EndProject
Project("{FAE04EC0-301F-11D3-BF4B-00C04F79EFBC}") = "GarminCore", "..\GarminCore\GarminCore.csproj", "{38020956-623A-49C4-A9CA-12240D191ADD}"
EndProject
Global
	GlobalSection(SolutionConfigurationPlatforms) = preSolution
		Debug|Any CPU = Debug|Any CPU
		Release|Any CPU = Release|Any CPU
	EndGlobalSection
	GlobalSection(ProjectConfigurationPlatforms) = postSolution
		{7ADB7D39-916D-4C86-8E60-B883E4460311}.Debug|Any CPU.ActiveCfg = Debug|Any CPU
		{7ADB7D39-916D-4C86-8E60-B883E4460311}.Debug|Any CPU.Build.0 = Debug|Any CPU
		{7ADB7D39-916D-4C86-8E60-B883E4460311}.Release|Any CPU.ActiveCfg = Release|Any CPU
		{7ADB7D39-916D-4C86-8E60-B883E4460311}.Release|Any CPU.Build.0 = Release|Any CPU
		{38020956-623A-49C4-A9CA-12240D191ADD}.Debug|Any CPU.ActiveCfg = Debug|Any CPU
		{38020956-623A-49C4-A9CA-12240D191ADD}.Debug|Any CPU.Build.0 = Debug|Any CPU
		{38020956-623A-49C4-A9CA-12240D191ADD}.Release|Any CPU.ActiveCfg = Release|Any CPU
		{38020956-623A-49C4-A9CA-12240D191ADD}.Release|Any CPU.Build.0 = Release|Any CPU
	EndGlobalSection
	GlobalSection(SolutionProperties) = preSolution
		HideSolutionNode = FALSE
	EndGlobalSection
	GlobalSection(ExtensibilityGlobals) = postSolution
		SolutionGuid = {929078A4-074A-4EA9-A45F-56C4C328F4DA}
	EndGlobalSection
EndGlobal
